
Microsoft Visual Studio Solution File, Format Version 12.00
# Visual Studio 15
VisualStudioVersion = 15.0.27428.2002
MinimumVisualStudioVersion = 10.0.40219.1
Project("{FAE04EC0-301F-11D3-BF4B-00C04F79EFBC}") = "EventSub", "EventSub\EventSub.csproj", "{D61FAE06-21AB-44C8-83B9-2CF7F68A1501}"
EndProject
Global
	GlobalSection(SolutionConfigurationPlatforms) = preSolution
		Debug|Any CPU = Debug|Any CPU
		Release|Any CPU = Release|Any CPU
	EndGlobalSection
	GlobalSection(ProjectConfigurationPlatforms) = postSolution
		{D61FAE06-21AB-44C8-83B9-2CF7F68A1501}.Debug|Any CPU.ActiveCfg = Debug|Any CPU
		{D61FAE06-21AB-44C8-83B9-2CF7F68A1501}.Debug|Any CPU.Build.0 = Debug|Any CPU
		{D61FAE06-21AB-44C8-83B9-2CF7F68A1501}.Release|Any CPU.ActiveCfg = Release|Any CPU
		{D61FAE06-21AB-44C8-83B9-2CF7F68A1501}.Release|Any CPU.Build.0 = Release|Any CPU
	EndGlobalSection
	GlobalSection(SolutionProperties) = preSolution
		HideSolutionNode = FALSE
	EndGlobalSection
	GlobalSection(ExtensibilityGlobals) = postSolution
		SolutionGuid = {77A2DF0F-A2FC-4AEA-9A63-4034EA8266A5}
	EndGlobalSection
EndGlobal
